
Microsoft Visual Studio Solution File, Format Version 12.00
# Visual Studio Version 16
VisualStudioVersion = 16.0.29201.188
MinimumVisualStudioVersion = 10.0.40219.1
Project("{FAE04EC0-301F-11D3-BF4B-00C04F79EFBC}") = "CirkelArealOmkreds", "CirkelArealOmkreds\CirkelArealOmkreds.csproj", "{288F2CDD-9F0D-43B9-B52C-9EE78023912E}"
EndProject
Global
	GlobalSection(SolutionConfigurationPlatforms) = preSolution
		Debug|Any CPU = Debug|Any CPU
		Release|Any CPU = Release|Any CPU
	EndGlobalSection
	GlobalSection(ProjectConfigurationPlatforms) = postSolution
		{288F2CDD-9F0D-43B9-B52C-9EE78023912E}.Debug|Any CPU.ActiveCfg = Debug|Any CPU
		{288F2CDD-9F0D-43B9-B52C-9EE78023912E}.Debug|Any CPU.Build.0 = Debug|Any CPU
		{288F2CDD-9F0D-43B9-B52C-9EE78023912E}.Release|Any CPU.ActiveCfg = Release|Any CPU
		{288F2CDD-9F0D-43B9-B52C-9EE78023912E}.Release|Any CPU.Build.0 = Release|Any CPU
	EndGlobalSection
	GlobalSection(SolutionProperties) = preSolution
		HideSolutionNode = FALSE
	EndGlobalSection
	GlobalSection(ExtensibilityGlobals) = postSolution
		SolutionGuid = {B46D412C-85E3-4C44-B60E-DB4D46B3CD5D}
	EndGlobalSection
EndGlobal
